{
    "_meta": {
        "hash": {
            "sha256": "9d77b077dc51b6b65f5907c4be80124958fe5ea84756936720cada24430e1671"
        },
        "pipfile-spec": 6,
        "requires": {
            "python_version": "3.8"
        },
        "sources": [
            {
                "name": "pypi",
                "url": "https://pypi.org/simple",
                "verify_ssl": true
            }
        ]
    },
    "default": {
        "backcall": {
            "hashes": [
                "sha256:5cbdbf27be5e7cfadb448baf0aa95508f91f2bbc6c6437cd9cd06e2a4c215e1e",
                "sha256:fbbce6a29f263178a1f7915c1940bde0ec2b2a967566fe1c65c1dfb7422bd255"
            ],
            "version": "==0.2.0"
        },
        "certifi": {
            "hashes": [
                "sha256:1a4995114262bffbc2413b159f2a1a480c969de6e6eb13ee966d470af86af59c",
                "sha256:719a74fb9e33b9bd44cc7f3a8d94bc35e4049deebe19ba7d8e108280cfd59830"
            ],
            "version": "==2020.12.5"
        },
        "chardet": {
            "hashes": [
                "sha256:0d6f53a15db4120f2b08c94f11e7d93d2c911ee118b6b30a04ec3ee8310179fa",
                "sha256:f864054d66fd9118f2e67044ac8981a54775ec5b67aed0441892edb553d21da5"
            ],
            "markers": "python_version >= '2.7' and python_version not in '3.0, 3.1, 3.2, 3.3, 3.4'",
            "version": "==4.0.0"
        },
        "click": {
            "hashes": [
                "sha256:d2b5255c7c6349bc1bd1e59e08cd12acbbd63ce649f2588755783aa94dfb6b1a",
                "sha256:dacca89f4bfadd5de3d7489b7c8a566eee0d3676333fbb50030263894c38c0dc"
            ],
            "markers": "python_version >= '2.7' and python_version not in '3.0, 3.1, 3.2, 3.3, 3.4'",
            "version": "==7.1.2"
        },
        "decorator": {
            "hashes": [
                "sha256:6f201a6c4dac3d187352661f508b9364ec8091217442c9478f1f83c003a0f060",
                "sha256:945d84890bb20cc4a2f4a31fc4311c0c473af65ea318617f13a7257c9a58bc98"
            ],
            "markers": "python_version >= '3.5'",
            "version": "==5.0.7"
        },
        "fastapi": {
            "hashes": [
                "sha256:62a438d0ff466640939414436339ce4e303964f3f823b7288e300baa869162e3",
                "sha256:9bbd7b7b9291bbc3bbd72cbc82f5d456369802dab0d142a85350b06c5c7e6379"
            ],
            "index": "pypi",
            "version": "==0.64.0"
        },
        "greenlet": {
            "hashes": [
                "sha256:03f28a5ea20201e70ab70518d151116ce939b412961c33827519ce620957d44c",
                "sha256:06d7ac89e6094a0a8f8dc46aa61898e9e1aec79b0f8b47b2400dd51a44dbc832",
                "sha256:06ecb43b04480e6bafc45cb1b4b67c785e183ce12c079473359e04a709333b08",
                "sha256:096cb0217d1505826ba3d723e8981096f2622cde1eb91af9ed89a17c10aa1f3e",
                "sha256:0c557c809eeee215b87e8a7cbfb2d783fb5598a78342c29ade561440abae7d22",
                "sha256:0de64d419b1cb1bfd4ea544bedea4b535ef3ae1e150b0f2609da14bbf48a4a5f",
                "sha256:14927b15c953f8f2d2a8dffa224aa78d7759ef95284d4c39e1745cf36e8cdd2c",
                "sha256:16183fa53bc1a037c38d75fdc59d6208181fa28024a12a7f64bb0884434c91ea",
                "sha256:206295d270f702bc27dbdbd7651e8ebe42d319139e0d90217b2074309a200da8",
                "sha256:22002259e5b7828b05600a762579fa2f8b33373ad95a0ee57b4d6109d0e589ad",
                "sha256:2325123ff3a8ecc10ca76f062445efef13b6cf5a23389e2df3c02a4a527b89bc",
                "sha256:258f9612aba0d06785143ee1cbf2d7361801c95489c0bd10c69d163ec5254a16",
                "sha256:3096286a6072553b5dbd5efbefc22297e9d06a05ac14ba017233fedaed7584a8",
                "sha256:3d13da093d44dee7535b91049e44dd2b5540c2a0e15df168404d3dd2626e0ec5",
                "sha256:408071b64e52192869129a205e5b463abda36eff0cebb19d6e63369440e4dc99",
                "sha256:598bcfd841e0b1d88e32e6a5ea48348a2c726461b05ff057c1b8692be9443c6e",
                "sha256:5d928e2e3c3906e0a29b43dc26d9b3d6e36921eee276786c4e7ad9ff5665c78a",
                "sha256:5f75e7f237428755d00e7460239a2482fa7e3970db56c8935bd60da3f0733e56",
                "sha256:60848099b76467ef09b62b0f4512e7e6f0a2c977357a036de602b653667f5f4c",
                "sha256:6b1d08f2e7f2048d77343279c4d4faa7aef168b3e36039cba1917fffb781a8ed",
                "sha256:70bd1bb271e9429e2793902dfd194b653221904a07cbf207c3139e2672d17959",
                "sha256:76ed710b4e953fc31c663b079d317c18f40235ba2e3d55f70ff80794f7b57922",
                "sha256:7920e3eccd26b7f4c661b746002f5ec5f0928076bd738d38d894bb359ce51927",
                "sha256:7db68f15486d412b8e2cfcd584bf3b3a000911d25779d081cbbae76d71bd1a7e",
                "sha256:8833e27949ea32d27f7e96930fa29404dd4f2feb13cce483daf52e8842ec246a",
                "sha256:944fbdd540712d5377a8795c840a97ff71e7f3221d3fddc98769a15a87b36131",
                "sha256:9a6b035aa2c5fcf3dbbf0e3a8a5bc75286fc2d4e6f9cfa738788b433ec894919",
                "sha256:9bdcff4b9051fb1aa4bba4fceff6a5f770c6be436408efd99b76fc827f2a9319",
                "sha256:a9017ff5fc2522e45562882ff481128631bf35da444775bc2776ac5c61d8bcae",
                "sha256:aa4230234d02e6f32f189fd40b59d5a968fe77e80f59c9c933384fe8ba535535",
                "sha256:ad80bb338cf9f8129c049837a42a43451fc7c8b57ad56f8e6d32e7697b115505",
                "sha256:adb94a28225005890d4cf73648b5131e885c7b4b17bc762779f061844aabcc11",
                "sha256:b3090631fecdf7e983d183d0fad7ea72cfb12fa9212461a9b708ff7907ffff47",
                "sha256:b33b51ab057f8a20b497ffafdb1e79256db0c03ef4f5e3d52e7497200e11f821",
                "sha256:b97c9a144bbeec7039cca44df117efcbeed7209543f5695201cacf05ba3b5857",
                "sha256:be13a18cec649ebaab835dff269e914679ef329204704869f2f167b2c163a9da",
                "sha256:be9768e56f92d1d7cd94185bab5856f3c5589a50d221c166cc2ad5eb134bd1dc",
                "sha256:c1580087ab493c6b43e66f2bdd165d9e3c1e86ef83f6c2c44a29f2869d2c5bd5",
                "sha256:c35872b2916ab5a240d52a94314c963476c989814ba9b519bc842e5b61b464bb",
                "sha256:c70c7dd733a4c56838d1f1781e769081a25fade879510c5b5f0df76956abfa05",
                "sha256:c767458511a59f6f597bfb0032a1c82a52c29ae228c2c0a6865cfeaeaac4c5f5",
                "sha256:c87df8ae3f01ffb4483c796fe1b15232ce2b219f0b18126948616224d3f658ee",
                "sha256:ca1c4a569232c063615f9e70ff9a1e2fee8c66a6fb5caf0f5e8b21a396deec3e",
                "sha256:cc407b68e0a874e7ece60f6639df46309376882152345508be94da608cc0b831",
                "sha256:da862b8f7de577bc421323714f63276acb2f759ab8c5e33335509f0b89e06b8f",
                "sha256:dfe7eac0d253915116ed0cd160a15a88981a1d194c1ef151e862a5c7d2f853d3",
                "sha256:ed1377feed808c9c1139bdb6a61bcbf030c236dd288d6fca71ac26906ab03ba6",
                "sha256:f42ad188466d946f1b3afc0a9e1a266ac8926461ee0786c06baac6bd71f8a6f3",
                "sha256:f92731609d6625e1cc26ff5757db4d32b6b810d2a3363b0ff94ff573e5901f6f"
            ],
            "markers": "python_version >= '3'",
            "version": "==1.1.0"
        },
        "gunicorn": {
            "hashes": [
                "sha256:9dcc4547dbb1cb284accfb15ab5667a0e5d1881cc443e0677b4882a4067a807e",
                "sha256:e0a968b5ba15f8a328fdfd7ab1fcb5af4470c28aaf7e55df02a99bc13138e6e8"
            ],
            "index": "pypi",
            "version": "==20.1.0"
        },
        "h11": {
            "hashes": [
                "sha256:36a3cb8c0a032f56e2da7084577878a035d3b61d104230d4bd49c0c6b555a9c6",
                "sha256:47222cb6067e4a307d535814917cd98fd0a57b6788ce715755fa2b6c28b56042"
            ],
            "markers": "python_version >= '3.6'",
            "version": "==0.12.0"
        },
        "httptools": {
            "hashes": [
                "sha256:01b392a166adcc8bc2f526a939a8aabf89fe079243e1543fd0e7dc1b58d737cb",
                "sha256:200fc1cdf733a9ff554c0bb97a4047785cfaad9875307d6087001db3eb2b417f",
                "sha256:3ab1f390d8867f74b3b5ee2a7ecc9b8d7f53750bd45714bf1cb72a953d7dfa77",
                "sha256:78d03dd39b09c99ec917d50189e6743adbfd18c15d5944392d2eabda688bf149",
                "sha256:79dbc21f3612a78b28384e989b21872e2e3cf3968532601544696e4ed0007ce5",
                "sha256:80ffa04fe8c8dfacf6e4cef8277347d35b0442c581f5814f3b0cf41b65c43c6e",
                "sha256:813871f961edea6cb2fe312f2d9b27d12a51ba92545380126f80d0de1917ea15",
                "sha256:94505026be56652d7a530ab03d89474dc6021019d6b8682281977163b3471ea0",
                "sha256:a23166e5ae2775709cf4f7ad4c2048755ebfb272767d244e1a96d55ac775cca7",
                "sha256:a289c27ccae399a70eacf32df9a44059ca2ba4ac444604b00a19a6c1f0809943",
                "sha256:a7594f9a010cdf1e16a58b3bf26c9da39bbf663e3b8d46d39176999d71816658",
                "sha256:b08d00d889a118f68f37f3c43e359aab24ee29eb2e3fe96d64c6a2ba8b9d6557",
                "sha256:cc9be041e428c10f8b6ab358c6b393648f9457094e1dcc11b4906026d43cd380",
                "sha256:d5682eeb10cca0606c4a8286a3391d4c3c5a36f0c448e71b8bd05be4e1694bfb",
                "sha256:fd3b8905e21431ad306eeaf56644a68fdd621bf8f3097eff54d0f6bdf7262065"
            ],
            "index": "pypi",
            "version": "==0.2.0"
        },
        "idna": {
            "hashes": [
                "sha256:b307872f855b18632ce0c21c5e45be78c0ea7ae4c15c828c20788b26921eb3f6",
                "sha256:b97d804b1e9b523befed77c48dacec60e6dcb0b5391d57af6a65a312a90648c0"
            ],
            "markers": "python_version >= '2.7' and python_version not in '3.0, 3.1, 3.2, 3.3'",
            "version": "==2.10"
        },
        "ipython": {
            "hashes": [
                "sha256:714810a5c74f512b69d5f3b944c86e592cee0a5fb9c728e582f074610f6cf038",
                "sha256:f78c6a3972dde1cc9e4041cbf4de583546314ba52d3c97208e5b6b2221a9cb7d"
            ],
            "index": "pypi",
            "version": "==7.23.1"
        },
        "ipython-genutils": {
            "hashes": [
                "sha256:72dd37233799e619666c9f639a9da83c34013a73e8bbc79a7a6348d93c61fab8",
                "sha256:eb2e116e75ecef9d4d228fdc66af54269afa26ab4463042e33785b887c628ba8"
            ],
            "version": "==0.2.0"
        },
        "jedi": {
            "hashes": [
                "sha256:18456d83f65f400ab0c2d3319e48520420ef43b23a086fdc05dff34132f0fb93",
                "sha256:92550a404bad8afed881a137ec9a461fed49eca661414be45059329614ed0707"
            ],
            "markers": "python_version >= '3.6'",
            "version": "==0.18.0"
        },
        "matplotlib-inline": {
            "hashes": [
                "sha256:5cf1176f554abb4fa98cb362aa2b55c500147e4bdbb07e3fda359143e1da0811",
                "sha256:f41d5ff73c9f5385775d5c0bc13b424535c8402fe70ea8210f93e11f3683993e"
            ],
            "markers": "python_version >= '3.5'",
            "version": "==0.1.2"
        },
        "parso": {
            "hashes": [
                "sha256:12b83492c6239ce32ff5eed6d3639d6a536170723c6f3f1506869f1ace413398",
                "sha256:a8c4922db71e4fdb90e0d0bc6e50f9b273d3397925e5e60a717e719201778d22"
            ],
            "markers": "python_version >= '3.6'",
            "version": "==0.8.2"
        },
        "pexpect": {
            "hashes": [
                "sha256:0b48a55dcb3c05f3329815901ea4fc1537514d6ba867a152b581d69ae3710937",
                "sha256:fc65a43959d153d0114afe13997d439c22823a27cefceb5ff35c2178c6784c0c"
            ],
            "markers": "sys_platform != 'win32'",
            "version": "==4.8.0"
        },
        "pickleshare": {
            "hashes": [
                "sha256:87683d47965c1da65cdacaf31c8441d12b8044cdec9aca500cd78fc2c683afca",
                "sha256:9649af414d74d4df115d5d718f82acb59c9d418196b7b4290ed47a12ce62df56"
            ],
            "version": "==0.7.5"
        },
        "prompt-toolkit": {
            "hashes": [
                "sha256:bf00f22079f5fadc949f42ae8ff7f05702826a97059ffcc6281036ad40ac6f04",
                "sha256:e1b4f11b9336a28fa11810bc623c357420f69dfdb6d2dac41ca2c21a55c033bc"
            ],
            "markers": "python_full_version >= '3.6.1'",
            "version": "==3.0.18"
        },
        "psycopg2-binary": {
            "hashes": [
                "sha256:0deac2af1a587ae12836aa07970f5cb91964f05a7c6cdb69d8425ff4c15d4e2c",
                "sha256:0e4dc3d5996760104746e6cfcdb519d9d2cd27c738296525d5867ea695774e67",
                "sha256:11b9c0ebce097180129e422379b824ae21c8f2a6596b159c7659e2e5a00e1aa0",
                "sha256:15978a1fbd225583dd8cdaf37e67ccc278b5abecb4caf6b2d6b8e2b948e953f6",
                "sha256:1fabed9ea2acc4efe4671b92c669a213db744d2af8a9fc5d69a8e9bc14b7a9db",
                "sha256:2dac98e85565d5688e8ab7bdea5446674a83a3945a8f416ad0110018d1501b94",
                "sha256:42ec1035841b389e8cc3692277a0bd81cdfe0b65d575a2c8862cec7a80e62e52",
                "sha256:6422f2ff0919fd720195f64ffd8f924c1395d30f9a495f31e2392c2efafb5056",
                "sha256:6a32f3a4cb2f6e1a0b15215f448e8ce2da192fd4ff35084d80d5e39da683e79b",
                "sha256:7312e931b90fe14f925729cde58022f5d034241918a5c4f9797cac62f6b3a9dd",
                "sha256:7d92a09b788cbb1aec325af5fcba9fed7203897bbd9269d5691bb1e3bce29550",
                "sha256:833709a5c66ca52f1d21d41865a637223b368c0ee76ea54ca5bad6f2526c7679",
                "sha256:89705f45ce07b2dfa806ee84439ec67c5d9a0ef20154e0e475e2b2ed392a5b83",
                "sha256:8cd0fb36c7412996859cb4606a35969dd01f4ea34d9812a141cd920c3b18be77",
                "sha256:950bc22bb56ee6ff142a2cb9ee980b571dd0912b0334aa3fe0fe3788d860bea2",
                "sha256:a0c50db33c32594305b0ef9abc0cb7db13de7621d2cadf8392a1d9b3c437ef77",
                "sha256:a0eb43a07386c3f1f1ebb4dc7aafb13f67188eab896e7397aa1ee95a9c884eb2",
                "sha256:aaa4213c862f0ef00022751161df35804127b78adf4a2755b9f991a507e425fd",
                "sha256:ac0c682111fbf404525dfc0f18a8b5f11be52657d4f96e9fcb75daf4f3984859",
                "sha256:ad20d2eb875aaa1ea6d0f2916949f5c08a19c74d05b16ce6ebf6d24f2c9f75d1",
                "sha256:b4afc542c0ac0db720cf516dd20c0846f71c248d2b3d21013aa0d4ef9c71ca25",
                "sha256:b8a3715b3c4e604bcc94c90a825cd7f5635417453b253499664f784fc4da0152",
                "sha256:ba28584e6bca48c59eecbf7efb1576ca214b47f05194646b081717fa628dfddf",
                "sha256:ba381aec3a5dc29634f20692349d73f2d21f17653bda1decf0b52b11d694541f",
                "sha256:bd1be66dde2b82f80afb9459fc618216753f67109b859a361cf7def5c7968729",
                "sha256:c2507d796fca339c8fb03216364cca68d87e037c1f774977c8fc377627d01c71",
                "sha256:cec7e622ebc545dbb4564e483dd20e4e404da17ae07e06f3e780b2dacd5cee66",
                "sha256:d14b140a4439d816e3b1229a4a525df917d6ea22a0771a2a78332273fd9528a4",
                "sha256:d1b4ab59e02d9008efe10ceabd0b31e79519da6fb67f7d8e8977118832d0f449",
                "sha256:d5227b229005a696cc67676e24c214740efd90b148de5733419ac9aaba3773da",
                "sha256:e1f57aa70d3f7cc6947fd88636a481638263ba04a742b4a37dd25c373e41491a",
                "sha256:e74a55f6bad0e7d3968399deb50f61f4db1926acf4a6d83beaaa7df986f48b1c",
                "sha256:e82aba2188b9ba309fd8e271702bd0d0fc9148ae3150532bbb474f4590039ffb",
                "sha256:ee69dad2c7155756ad114c02db06002f4cded41132cc51378e57aad79cc8e4f4",
                "sha256:f5ab93a2cb2d8338b1674be43b442a7f544a0971da062a5da774ed40587f18f5"
            ],
            "index": "pypi",
            "version": "==2.8.6"
        },
        "ptyprocess": {
            "hashes": [
                "sha256:4b41f3967fce3af57cc7e94b888626c18bf37a083e3651ca8feeb66d492fef35",
                "sha256:5c5d0a3b48ceee0b48485e0c26037c0acd7d29765ca3fbb5cb3831d347423220"
            ],
            "version": "==0.7.0"
        },
        "pydantic": {
            "hashes": [
                "sha256:0c40162796fc8d0aa744875b60e4dc36834db9f2a25dbf9ba9664b1915a23850",
                "sha256:20d42f1be7c7acc352b3d09b0cf505a9fab9deb93125061b376fbe1f06a5459f",
                "sha256:2287ebff0018eec3cc69b1d09d4b7cebf277726fa1bd96b45806283c1d808683",
                "sha256:258576f2d997ee4573469633592e8b99aa13bda182fcc28e875f866016c8e07e",
                "sha256:26cf3cb2e68ec6c0cfcb6293e69fb3450c5fd1ace87f46b64f678b0d29eac4c3",
                "sha256:2f2736d9a996b976cfdfe52455ad27462308c9d3d0ae21a2aa8b4cd1a78f47b9",
                "sha256:3114d74329873af0a0e8004627f5389f3bb27f956b965ddd3e355fe984a1789c",
                "sha256:3bbd023c981cbe26e6e21c8d2ce78485f85c2e77f7bab5ec15b7d2a1f491918f",
                "sha256:3bcb9d7e1f9849a6bdbd027aabb3a06414abd6068cb3b21c49427956cce5038a",
                "sha256:4bbc47cf7925c86a345d03b07086696ed916c7663cb76aa409edaa54546e53e2",
                "sha256:6388ef4ef1435364c8cc9a8192238aed030595e873d8462447ccef2e17387125",
                "sha256:830ef1a148012b640186bf4d9789a206c56071ff38f2460a32ae67ca21880eb8",
                "sha256:8fbb677e4e89c8ab3d450df7b1d9caed23f254072e8597c33279460eeae59b99",
                "sha256:c17a0b35c854049e67c68b48d55e026c84f35593c66d69b278b8b49e2484346f",
                "sha256:dd4888b300769ecec194ca8f2699415f5f7760365ddbe243d4fd6581485fa5f0",
                "sha256:dde4ca368e82791de97c2ec019681ffb437728090c0ff0c3852708cf923e0c7d",
                "sha256:e3f8790c47ac42549dc8b045a67b0ca371c7f66e73040d0197ce6172b385e520",
                "sha256:e8bc082afef97c5fd3903d05c6f7bb3a6af9fc18631b4cc9fedeb4720efb0c58",
                "sha256:eb8ccf12295113ce0de38f80b25f736d62f0a8d87c6b88aca645f168f9c78771",
                "sha256:fb77f7a7e111db1832ae3f8f44203691e15b1fa7e5a1cb9691d4e2659aee41c4",
                "sha256:fbfb608febde1afd4743c6822c19060a8dbdd3eb30f98e36061ba4973308059e",
                "sha256:fff29fe54ec419338c522b908154a2efabeee4f483e48990f87e189661f31ce3"
            ],
            "markers": "python_full_version >= '3.6.1'",
            "version": "==1.8.1"
        },
        "pygments": {
            "hashes": [
                "sha256:a18f47b506a429f6f4b9df81bb02beab9ca21d0a5fee38ed15aef65f0545519f",
                "sha256:d66e804411278594d764fc69ec36ec13d9ae9147193a1740cd34d272ca383b8e"
            ],
            "markers": "python_version >= '3.5'",
            "version": "==2.9.0"
        },
        "python-decouple": {
            "hashes": [
                "sha256:2e5adb0263a4f963b58d7407c4760a2465d464ee212d733e2a2c179e54c08d8f",
                "sha256:a8268466e6389a639a20deab9d880faee186eb1eb6a05e54375bdf158d691981"
            ],
            "index": "pypi",
            "version": "==3.4"
        },
        "requests": {
            "hashes": [
                "sha256:27973dd4a904a4f13b263a19c866c13b92a39ed1c964655f025f3f8d3d75b804",
                "sha256:c210084e36a42ae6b9219e00e48287def368a26d03a048ddad7bfee44f75871e"
            ],
            "index": "pypi",
            "version": "==2.25.1"
        },
        "sqlalchemy": {
            "hashes": [
                "sha256:10176150fb4f7bef87e58b496e11ec8c09a06d7aaddec858aa3afe68ecf44be1",
                "sha256:1508b5a58046ca9ec4c4d2a3f1dcd6bc2eb1b04e0e5ef7b85fe73fc1805b504a",
                "sha256:2048c3f7934c589b2a8521da9a3c8f77b413a8e21b015be96355c6968028351e",
                "sha256:238545b8e769c7415395ea2d3716ee116511c2816ae75e69f4148e56bc16c978",
                "sha256:296a3b53e50c3d61ea22969b9d57937714e62f4bd7b5db7bb0afe80e8fbbe44c",
                "sha256:32412b74f8920b91b1412a8574167bdfe5dd189fdc9b7676f898ea49892fabca",
                "sha256:38fce422c8553b14145e4d5ada3cc7643bb720d2761976ab03177b65dc14fb4d",
                "sha256:3fa861a9211d284430a6669c3debf9cfac7cd738e1c50844575751900ebe16bf",
                "sha256:5129af3c0cd879e37d3f7db417f7c6500c992b6e5d1cae42ba05e6dac97e3e60",
                "sha256:51b5f73e4a38d07bd883aec6c4ce3292309bdf9e9ce2b21653b92c7ce9bc6f5a",
                "sha256:5c115aaadbb555c787a14218d94185a0929d4a625e6f150fe86a9f7fca0f5d30",
                "sha256:6fd1bd8f4c134aa3a2fd43abe0f83245a3537001ea3c84dc0e28768a40a1a53c",
                "sha256:79957deee6bb1e546dee806c66d3effeac3b2e33233663011550dbfe60cbfecd",
                "sha256:907fc5a1db1bf9a3a26a205eba6529250ba5aced16f2bddb4a59763826294609",
                "sha256:98d977df2854be582f83b1d02e32febdd72a93b6396417889448a0c0c20fd856",
                "sha256:9934f1065bfce44dbd6c8dc68ce8f35492357d7cac5d83ddb585dbec5f3ff6ad",
                "sha256:99d4c701fe3d17f2f842b32633573c6e9ec43b75fe0e1140b1c079d2df7d73e6",
                "sha256:a2c6e766410eebb0e7c4a839acce5534619f5d03bd2aabf44e0caf8b813613b9",
                "sha256:a365e616462e9d4409e87226a9da55d2cf2aa1b17c53208519ba3f8582edd529",
                "sha256:a6c40fce57d12d5b4d99d091b6c33c8a8087cb753402218fd7a2b3be72de7e20",
                "sha256:ab659472962815ea945e643166ab67299a1415c05d0fb6d9f9d915f9f4540cd9",
                "sha256:b3e88738f82871a35a7c5995075100ddad74543e8697e683f655183860649024",
                "sha256:b7e1570f54585247526e05cb642c46ee9be2eabe7f04945665c0a36b86bf1ee6",
                "sha256:b8d6aab7f021ffb25d34671a48dc18007a12fad07c920be81401b6bf35ecf2d9",
                "sha256:bcd85d7a71e2de3567c5c4b26b1a90c57432b3032ff9132dafae1c52a4edeea0",
                "sha256:bd718612457ac34f6f19ff9b00c80c68ec0f46dae1334671c653a0dc960df9ce",
                "sha256:cf3e10181d4b96bafa693a03948b0da2136c977682a902b601b9fa0f35934cd0",
                "sha256:dff5c33036a493c00e252a7067ecaa09ef5bbbeea53337083aba013be903c43a",
                "sha256:e0b75b7712f25d8d51a793cbbffb26688d2f655b97c9dfad02aad67b09d121a6",
                "sha256:fcea0af70a356fdff9efa917d33ec5a8538fe7bde3004ceded7377f1a97d8ef3"
            ],
            "index": "pypi",
            "version": "==1.4.14"
        },
        "starlette": {
            "hashes": [
                "sha256:bd2ffe5e37fb75d014728511f8e68ebf2c80b0fa3d04ca1479f4dc752ae31ac9",
                "sha256:ebe8ee08d9be96a3c9f31b2cb2a24dbdf845247b745664bd8a3f9bd0c977fdbc"
            ],
            "markers": "python_version >= '3.6'",
            "version": "==0.13.6"
        },
        "traitlets": {
            "hashes": [
                "sha256:178f4ce988f69189f7e523337a3e11d91c786ded9360174a3d9ca83e79bc5396",
                "sha256:69ff3f9d5351f31a7ad80443c2674b7099df13cc41fc5fa6e2f6d3b0330b0426"
            ],
            "markers": "python_version >= '3.7'",
            "version": "==5.0.5"
        },
        "typing-extensions": {
            "hashes": [
                "sha256:0ac0f89795dd19de6b97debb0c6af1c70987fd80a2d62d1958f7e56fcc31b497",
                "sha256:50b6f157849174217d0656f99dc82fe932884fb250826c18350e159ec6cdf342",
                "sha256:779383f6086d90c99ae41cf0ff39aac8a7937a9283ce0a414e5dd782f4c94a84"
            ],
            "version": "==3.10.0.0"
        },
        "urllib3": {
            "hashes": [
                "sha256:2f4da4594db7e1e110a944bb1b551fdf4e6c136ad42e4234131391e21eb5b0df",
                "sha256:e7b021f7241115872f92f43c6508082facffbd1c048e3c6e2bb9c2a157e28937"
            ],
            "markers": "python_version >= '2.7' and python_version not in '3.0, 3.1, 3.2, 3.3, 3.4' and python_version < '4'",
            "version": "==1.26.4"
        },
        "uvicorn": {
            "hashes": [
                "sha256:3292251b3c7978e8e4a7868f4baf7f7f7bb7e40c759ecc125c37e99cdea34202",
                "sha256:7587f7b08bd1efd2b9bad809a3d333e972f1d11af8a5e52a9371ee3a5de71524"
            ],
            "index": "pypi",
            "version": "==0.13.4"
        },
        "uvloop": {
            "hashes": [
                "sha256:114543c84e95df1b4ff546e6e3a27521580466a30127f12172a3278172ad68bc",
                "sha256:19fa1d56c91341318ac5d417e7b61c56e9a41183946cc70c411341173de02c69",
                "sha256:2bb0624a8a70834e54dde8feed62ed63b50bad7a1265c40d6403a2ac447bce01",
                "sha256:42eda9f525a208fbc4f7cecd00fa15c57cc57646c76632b3ba2fe005004f051d",
                "sha256:44cac8575bf168601424302045234d74e3561fbdbac39b2b54cc1d1d00b70760",
                "sha256:6de130d0cb78985a5d080e323b86c5ecaf3af82f4890492c05981707852f983c",
                "sha256:7ae39b11a5f4cec1432d706c21ecc62f9e04d116883178b09671aa29c46f7a47",
                "sha256:90e56f17755e41b425ad19a08c41dc358fa7bf1226c0f8e54d4d02d556f7af7c",
                "sha256:b45218c99795803fb8bdbc9435ff7f54e3a591b44cd4c121b02fa83affb61c7c",
                "sha256:e5e5f855c9bf483ee6cd1eb9a179b740de80cb0ae2988e3fa22309b78e2ea0e7"
            ],
            "index": "pypi",
            "version": "==0.15.2"
        },
        "wcwidth": {
            "hashes": [
                "sha256:beb4802a9cebb9144e99086eff703a642a13d6a0052920003a230f3294bbe784",
                "sha256:c4d647b99872929fdb7bdcaa4fbe7f01413ed3d98077df798530e5b04f116c83"
            ],
            "version": "==0.2.5"
        }
    },
    "develop": {
        "flake8": {
            "hashes": [
                "sha256:07528381786f2a6237b061f6e96610a4167b226cb926e2aa2b6b1d78057c576b",
                "sha256:bf8fd333346d844f616e8d47905ef3a3384edae6b4e9beb0c5101e25e3110907"
            ],
            "index": "pypi",
            "version": "==3.9.2"
        },
        "mccabe": {
            "hashes": [
                "sha256:ab8a6258860da4b6677da4bd2fe5dc2c659cff31b3ee4f7f5d64e79735b80d42",
                "sha256:dd8d182285a0fe56bace7f45b5e7d1a6ebcbf524e8f3bd87eb0f125271b8831f"
            ],
            "version": "==0.6.1"
        },
        "pycodestyle": {
            "hashes": [
                "sha256:514f76d918fcc0b55c6680472f0a37970994e07bbb80725808c17089be302068",
                "sha256:c389c1d06bf7904078ca03399a4816f974a1d590090fecea0c63ec26ebaf1cef"
            ],
            "markers": "python_version >= '2.7' and python_version not in '3.0, 3.1, 3.2, 3.3'",
            "version": "==2.7.0"
        },
        "pyflakes": {
            "hashes": [
                "sha256:7893783d01b8a89811dd72d7dfd4d84ff098e5eed95cfa8905b22bbffe52efc3",
                "sha256:f5bc8ecabc05bb9d291eb5203d6810b49040f6ff446a756326104746cc00c1db"
            ],
            "markers": "python_version >= '2.7' and python_version not in '3.0, 3.1, 3.2, 3.3'",
            "version": "==2.3.1"
        }
    }
}
